
Microsoft Visual Studio Solution File, Format Version 12.00
# Visual Studio Version 16
VisualStudioVersion = 16.0.32228.343
MinimumVisualStudioVersion = 10.0.40219.1
Project("{FAE04EC0-301F-11D3-BF4B-00C04F79EFBC}") = "QL_BENHENG", "QL_BENHENG\QL_BENHENG.csproj", "{88BA364F-E2E1-4074-9813-D146AE726197}"
EndProject
Project("{FAE04EC0-301F-11D3-BF4B-00C04F79EFBC}") = "TasmaControl", "..\TasmaControl\TasmaControl\TasmaControl.csproj", "{0B490808-8427-4D7C-B72A-8528652DF7D6}"
EndProject
Global
	GlobalSection(SolutionConfigurationPlatforms) = preSolution
		Debug|Any CPU = Debug|Any CPU
		Release|Any CPU = Release|Any CPU
	EndGlobalSection
	GlobalSection(ProjectConfigurationPlatforms) = postSolution
		{88BA364F-E2E1-4074-9813-D146AE726197}.Debug|Any CPU.ActiveCfg = Debug|Any CPU
		{88BA364F-E2E1-4074-9813-D146AE726197}.Debug|Any CPU.Build.0 = Debug|Any CPU
		{88BA364F-E2E1-4074-9813-D146AE726197}.Release|Any CPU.ActiveCfg = Release|Any CPU
		{88BA364F-E2E1-4074-9813-D146AE726197}.Release|Any CPU.Build.0 = Release|Any CPU
		{0B490808-8427-4D7C-B72A-8528652DF7D6}.Debug|Any CPU.ActiveCfg = Debug|Any CPU
		{0B490808-8427-4D7C-B72A-8528652DF7D6}.Debug|Any CPU.Build.0 = Debug|Any CPU
		{0B490808-8427-4D7C-B72A-8528652DF7D6}.Release|Any CPU.ActiveCfg = Release|Any CPU
		{0B490808-8427-4D7C-B72A-8528652DF7D6}.Release|Any CPU.Build.0 = Release|Any CPU
	EndGlobalSection
	GlobalSection(SolutionProperties) = preSolution
		HideSolutionNode = FALSE
	EndGlobalSection
	GlobalSection(ExtensibilityGlobals) = postSolution
		SolutionGuid = {47621AC1-F845-44DF-B6E6-0CECAD65E13A}
	EndGlobalSection
EndGlobal
